{
  "originHash" : "ae96e398b46d533cc2c9f025a4306329ed75ee79b6ab8764d46580fe11ba7ba9",
  "pins" : [
    {
      "identity" : "archivist",
      "kind" : "remoteSourceControl",
      "location" : "https://github.com/kyouko-taiga/archivist.git",
      "state" : {
        "branch" : "main",
        "revision" : "e08dd654166fa30f5012339c44cb93b84adc74df"
      }
    },
    {
      "identity" : "more-swift-collections",
      "kind" : "remoteSourceControl",
      "location" : "https://github.com/kyouko-taiga/more-swift-collections.git",
      "state" : {
        "revision" : "7be77f51e1a1a59da41876a2d10fc0aebb4b5234",
        "version" : "0.6.1"
      }
    },
    {
      "identity" : "swift-algorithms",
      "kind" : "remoteSourceControl",
      "location" : "https://github.com/apple/swift-algorithms.git",
      "state" : {
        "revision" : "87e50f483c54e6efd60e885f7f5aa946cee68023",
        "version" : "1.2.1"
      }
    },
    {
      "identity" : "swift-argument-parser",
      "kind" : "remoteSourceControl",
      "location" : "https://github.com/apple/swift-argument-parser.git",
      "state" : {
        "revision" : "41982a3656a71c768319979febd796c6fd111d5c",
        "version" : "1.5.0"
      }
    },
    {
      "identity" : "swift-collections",
      "kind" : "remoteSourceControl",
      "location" : "https://github.com/apple/swift-collections.git",
      "state" : {
        "revision" : "671108c96644956dddcd89dd59c203dcdb36cec7",
        "version" : "1.1.4"
      }
    },
    {
      "identity" : "swift-numerics",
      "kind" : "remoteSourceControl",
      "location" : "https://github.com/apple/swift-numerics.git",
      "state" : {
        "revision" : "e0ec0f5f3af6f3e4d5e7a19d2af26b481acb6ba8",
        "version" : "1.0.3"
      }
    },
    {
      "identity" : "swift-syntax",
      "kind" : "remoteSourceControl",
      "location" : "https://github.com/apple/swift-syntax",
      "state" : {
        "revision" : "64889f0c732f210a935a0ad7cda38f77f876262d",
        "version" : "509.1.1"
      }
    }
  ],
  "version" : 3
}
